
Microsoft Visual Studio Solution File, Format Version 12.00
# Visual Studio 15
VisualStudioVersion = 15.0.26124.0
MinimumVisualStudioVersion = 15.0.26124.0
Project("{FAE04EC0-301F-11D3-BF4B-00C04F79EFBC}") = "Domain", "Domain\Domain.csproj", "{8AD2CE7C-D6D1-4E34-BEC9-FDC5B015E2F2}"
EndProject
Project("{FAE04EC0-301F-11D3-BF4B-00C04F79EFBC}") = "Application", "Application\Application.csproj", "{BEFB8E8C-808F-4780-AC7A-ABD3C2DA70A7}"
EndProject
Project("{FAE04EC0-301F-11D3-BF4B-00C04F79EFBC}") = "Persistence", "Persistence\Persistence.csproj", "{D6AAC862-5AE0-4477-B869-A6E7DA615A04}"
EndProject
Project("{FAE04EC0-301F-11D3-BF4B-00C04F79EFBC}") = "API", "API\API.csproj", "{61CF3522-4C9C-40AF-97FE-6346F75A881B}"
EndProject
Project("{FAE04EC0-301F-11D3-BF4B-00C04F79EFBC}") = "Infrastructure", "Infrastructure\Infrastructure.csproj", "{D266BBD9-F3B2-425E-B7AD-F25462CF6F1C}"
EndProject
Global
	GlobalSection(SolutionConfigurationPlatforms) = preSolution
		Debug|Any CPU = Debug|Any CPU
		Debug|x64 = Debug|x64
		Debug|x86 = Debug|x86
		Release|Any CPU = Release|Any CPU
		Release|x64 = Release|x64
		Release|x86 = Release|x86
	EndGlobalSection
	GlobalSection(SolutionProperties) = preSolution
		HideSolutionNode = FALSE
	EndGlobalSection
	GlobalSection(ProjectConfigurationPlatforms) = postSolution
		{8AD2CE7C-D6D1-4E34-BEC9-FDC5B015E2F2}.Debug|Any CPU.ActiveCfg = Debug|Any CPU
		{8AD2CE7C-D6D1-4E34-BEC9-FDC5B015E2F2}.Debug|Any CPU.Build.0 = Debug|Any CPU
		{8AD2CE7C-D6D1-4E34-BEC9-FDC5B015E2F2}.Debug|x64.ActiveCfg = Debug|Any CPU
		{8AD2CE7C-D6D1-4E34-BEC9-FDC5B015E2F2}.Debug|x64.Build.0 = Debug|Any CPU
		{8AD2CE7C-D6D1-4E34-BEC9-FDC5B015E2F2}.Debug|x86.ActiveCfg = Debug|Any CPU
		{8AD2CE7C-D6D1-4E34-BEC9-FDC5B015E2F2}.Debug|x86.Build.0 = Debug|Any CPU
		{8AD2CE7C-D6D1-4E34-BEC9-FDC5B015E2F2}.Release|Any CPU.ActiveCfg = Release|Any CPU
		{8AD2CE7C-D6D1-4E34-BEC9-FDC5B015E2F2}.Release|Any CPU.Build.0 = Release|Any CPU
		{8AD2CE7C-D6D1-4E34-BEC9-FDC5B015E2F2}.Release|x64.ActiveCfg = Release|Any CPU
		{8AD2CE7C-D6D1-4E34-BEC9-FDC5B015E2F2}.Release|x64.Build.0 = Release|Any CPU
		{8AD2CE7C-D6D1-4E34-BEC9-FDC5B015E2F2}.Release|x86.ActiveCfg = Release|Any CPU
		{8AD2CE7C-D6D1-4E34-BEC9-FDC5B015E2F2}.Release|x86.Build.0 = Release|Any CPU
		{BEFB8E8C-808F-4780-AC7A-ABD3C2DA70A7}.Debug|Any CPU.ActiveCfg = Debug|Any CPU
		{BEFB8E8C-808F-4780-AC7A-ABD3C2DA70A7}.Debug|Any CPU.Build.0 = Debug|Any CPU
		{BEFB8E8C-808F-4780-AC7A-ABD3C2DA70A7}.Debug|x64.ActiveCfg = Debug|Any CPU
		{BEFB8E8C-808F-4780-AC7A-ABD3C2DA70A7}.Debug|x64.Build.0 = Debug|Any CPU
		{BEFB8E8C-808F-4780-AC7A-ABD3C2DA70A7}.Debug|x86.ActiveCfg = Debug|Any CPU
		{BEFB8E8C-808F-4780-AC7A-ABD3C2DA70A7}.Debug|x86.Build.0 = Debug|Any CPU
		{BEFB8E8C-808F-4780-AC7A-ABD3C2DA70A7}.Release|Any CPU.ActiveCfg = Release|Any CPU
		{BEFB8E8C-808F-4780-AC7A-ABD3C2DA70A7}.Release|Any CPU.Build.0 = Release|Any CPU
		{BEFB8E8C-808F-4780-AC7A-ABD3C2DA70A7}.Release|x64.ActiveCfg = Release|Any CPU
		{BEFB8E8C-808F-4780-AC7A-ABD3C2DA70A7}.Release|x64.Build.0 = Release|Any CPU
		{BEFB8E8C-808F-4780-AC7A-ABD3C2DA70A7}.Release|x86.ActiveCfg = Release|Any CPU
		{BEFB8E8C-808F-4780-AC7A-ABD3C2DA70A7}.Release|x86.Build.0 = Release|Any CPU
		{D6AAC862-5AE0-4477-B869-A6E7DA615A04}.Debug|Any CPU.ActiveCfg = Debug|Any CPU
		{D6AAC862-5AE0-4477-B869-A6E7DA615A04}.Debug|Any CPU.Build.0 = Debug|Any CPU
		{D6AAC862-5AE0-4477-B869-A6E7DA615A04}.Debug|x64.ActiveCfg = Debug|Any CPU
		{D6AAC862-5AE0-4477-B869-A6E7DA615A04}.Debug|x64.Build.0 = Debug|Any CPU
		{D6AAC862-5AE0-4477-B869-A6E7DA615A04}.Debug|x86.ActiveCfg = Debug|Any CPU
		{D6AAC862-5AE0-4477-B869-A6E7DA615A04}.Debug|x86.Build.0 = Debug|Any CPU
		{D6AAC862-5AE0-4477-B869-A6E7DA615A04}.Release|Any CPU.ActiveCfg = Release|Any CPU
		{D6AAC862-5AE0-4477-B869-A6E7DA615A04}.Release|Any CPU.Build.0 = Release|Any CPU
		{D6AAC862-5AE0-4477-B869-A6E7DA615A04}.Release|x64.ActiveCfg = Release|Any CPU
		{D6AAC862-5AE0-4477-B869-A6E7DA615A04}.Release|x64.Build.0 = Release|Any CPU
		{D6AAC862-5AE0-4477-B869-A6E7DA615A04}.Release|x86.ActiveCfg = Release|Any CPU
		{D6AAC862-5AE0-4477-B869-A6E7DA615A04}.Release|x86.Build.0 = Release|Any CPU
		{61CF3522-4C9C-40AF-97FE-6346F75A881B}.Debug|Any CPU.ActiveCfg = Debug|Any CPU
		{61CF3522-4C9C-40AF-97FE-6346F75A881B}.Debug|Any CPU.Build.0 = Debug|Any CPU
		{61CF3522-4C9C-40AF-97FE-6346F75A881B}.Debug|x64.ActiveCfg = Debug|Any CPU
		{61CF3522-4C9C-40AF-97FE-6346F75A881B}.Debug|x64.Build.0 = Debug|Any CPU
		{61CF3522-4C9C-40AF-97FE-6346F75A881B}.Debug|x86.ActiveCfg = Debug|Any CPU
		{61CF3522-4C9C-40AF-97FE-6346F75A881B}.Debug|x86.Build.0 = Debug|Any CPU
		{61CF3522-4C9C-40AF-97FE-6346F75A881B}.Release|Any CPU.ActiveCfg = Release|Any CPU
		{61CF3522-4C9C-40AF-97FE-6346F75A881B}.Release|Any CPU.Build.0 = Release|Any CPU
		{61CF3522-4C9C-40AF-97FE-6346F75A881B}.Release|x64.ActiveCfg = Release|Any CPU
		{61CF3522-4C9C-40AF-97FE-6346F75A881B}.Release|x64.Build.0 = Release|Any CPU
		{61CF3522-4C9C-40AF-97FE-6346F75A881B}.Release|x86.ActiveCfg = Release|Any CPU
		{61CF3522-4C9C-40AF-97FE-6346F75A881B}.Release|x86.Build.0 = Release|Any CPU
		{D266BBD9-F3B2-425E-B7AD-F25462CF6F1C}.Debug|Any CPU.ActiveCfg = Debug|Any CPU
		{D266BBD9-F3B2-425E-B7AD-F25462CF6F1C}.Debug|Any CPU.Build.0 = Debug|Any CPU
		{D266BBD9-F3B2-425E-B7AD-F25462CF6F1C}.Debug|x64.ActiveCfg = Debug|Any CPU
		{D266BBD9-F3B2-425E-B7AD-F25462CF6F1C}.Debug|x64.Build.0 = Debug|Any CPU
		{D266BBD9-F3B2-425E-B7AD-F25462CF6F1C}.Debug|x86.ActiveCfg = Debug|Any CPU
		{D266BBD9-F3B2-425E-B7AD-F25462CF6F1C}.Debug|x86.Build.0 = Debug|Any CPU
		{D266BBD9-F3B2-425E-B7AD-F25462CF6F1C}.Release|Any CPU.ActiveCfg = Release|Any CPU
		{D266BBD9-F3B2-425E-B7AD-F25462CF6F1C}.Release|Any CPU.Build.0 = Release|Any CPU
		{D266BBD9-F3B2-425E-B7AD-F25462CF6F1C}.Release|x64.ActiveCfg = Release|Any CPU
		{D266BBD9-F3B2-425E-B7AD-F25462CF6F1C}.Release|x64.Build.0 = Release|Any CPU
		{D266BBD9-F3B2-425E-B7AD-F25462CF6F1C}.Release|x86.ActiveCfg = Release|Any CPU
		{D266BBD9-F3B2-425E-B7AD-F25462CF6F1C}.Release|x86.Build.0 = Release|Any CPU
	EndGlobalSection
EndGlobal
